// !$*UTF8*$!
{
	archiveVersion = 1;
	classes = {
	};
	objectVersion = 46;
	objects = {

/* Begin PBXBuildFile section */
		DA80B8AB1E6C5B310040E670 /* main.cpp in Sources */ = {isa = PBXBuildFile; fileRef = DA80B8AA1E6C5B310040E670 /* main.cpp */; };
/* End PBXBuildFile section */

/* Begin PBXCopyFilesBuildPhase section */
		DA80B8A51E6C5B300040E670 /* CopyFiles */ = {
			isa = PBXCopyFilesBuildPhase;
			buildActionMask = 2147483647;
			dstPath = /usr/share/man/man1/;
			dstSubfolderSpec = 0;
			files = (
			);
			runOnlyForDeploymentPostprocessing = 1;
		};
/* End PBXCopyFilesBuildPhase section */

/* Begin PBXFileReference section */
		DA0968C61E714FCB00547AC2 /* inputWords.txt */ = {isa = PBXFileReference; lastKnownFileType = text; name = inputWords.txt; path = "../../../../../Library/Developer/Xcode/DerivedData/lab1-fmwqokygqauhccbmxvxxenmguunp/Build/Products/Debug/inputWords.txt"; sourceTree = "<group>"; };
		DA37270B1E7A9BA000269B16 /* output.txt */ = {isa = PBXFileReference; lastKnownFileType = text; name = output.txt; path = "../../../../../Library/Developer/Xcode/DerivedData/lab1-fmwqokygqauhccbmxvxxenmguunp/Build/Products/Debug/output.txt"; sourceTree = "<group>"; };
		DA80B8A71E6C5B310040E670 /* lab1 */ = {isa = PBXFileReference; explicitFileType = "compiled.mach-o.executable"; includeInIndex = 0; path = lab1; sourceTree = BUILT_PRODUCTS_DIR; };
		DA80B8AA1E6C5B310040E670 /* main.cpp */ = {isa = PBXFileReference; lastKnownFileType = sourcecode.cpp.cpp; path = main.cpp; sourceTree = "<group>"; };
/* End PBXFileReference section */

/* Begin PBXFrameworksBuildPhase section */
		DA80B8A41E6C5B300040E670 /* Frameworks */ = {
			isa = PBXFrameworksBuildPhase;
			buildActionMask = 2147483647;
			files = (
			);
			runOnlyForDeploymentPostprocessing = 0;
		};
/* End PBXFrameworksBuildPhase section */

/* Begin PBXGroup section */
		DA80B89E1E6C5B300040E670 = {
			isa = PBXGroup;
			children = (
				DA80B8A91E6C5B310040E670 /* lab1 */,
				DA80B8A81E6C5B310040E670 /* Products */,
			);
			sourceTree = "<group>";
		};
		DA80B8A81E6C5B310040E670 /* Products */ = {
			isa = PBXGroup;
			children = (
				DA80B8A71E6C5B310040E670 /* lab1 */,
			);
			name = Products;
			sourceTree = "<group>";
		};
		DA80B8A91E6C5B310040E670 /* lab1 */ = {
			isa = PBXGroup;
			children = (
				DA37270B1E7A9BA000269B16 /* output.txt */,
				DA80B8AA1E6C5B310040E670 /* main.cpp */,
				DA0968C61E714FCB00547AC2 /* inputWords.txt */,
			);
			path = lab1;
			sourceTree = "<group>";
		};
/* End PBXGroup section */

/* Begin PBXNativeTarget section */
		DA80B8A61E6C5B300040E670 /* lab1 */ = {
			isa = PBXNativeTarget;
			buildConfigurationList = DA80B8AE1E6C5B310040E670 /* Build configuration list for PBXNativeTarget "lab1" */;
			buildPhases = (
				DA80B8A31E6C5B300040E670 /* Sources */,
				DA80B8A41E6C5B300040E670 /* Frameworks */,
				DA80B8A51E6C5B300040E670 /* CopyFiles */,
			);
			buildRules = (
			);
			dependencies = (
			);
			name = lab1;
			productName = lab1;
			productReference = DA80B8A71E6C5B310040E670 /* lab1 */;
			productType = "com.apple.product-type.tool";
		};
/* End PBXNativeTarget section */

/* Begin PBXProject section */
		DA80B89F1E6C5B300040E670 /* Project object */ = {
			isa = PBXProject;
			attributes = {
				LastUpgradeCheck = 0820;
				ORGANIZATIONNAME = Roman;
				TargetAttributes = {
					DA80B8A61E6C5B300040E670 = {
						CreatedOnToolsVersion = 8.2.1;
						ProvisioningStyle = Automatic;
					};
				};
			};
			buildConfigurationList = DA80B8A21E6C5B300040E670 /* Build configuration list for PBXProject "lab1" */;
			compatibilityVersion = "Xcode 3.2";
			developmentRegion = English;
			hasScannedForEncodings = 0;
			knownRegions = (
				en,
			);
			mainGroup = DA80B89E1E6C5B300040E670;
			productRefGroup = DA80B8A81E6C5B310040E670 /* Products */;
			projectDirPath = "";
			projectRoot = "";
			targets = (
				DA80B8A61E6C5B300040E670 /* lab1 */,
			);
		};
/* End PBXProject section */

/* Begin PBXSourcesBuildPhase section */
		DA80B8A31E6C5B300040E670 /* Sources */ = {
			isa = PBXSourcesBuildPhase;
			buildActionMask = 2147483647;
			files = (
				DA80B8AB1E6C5B310040E670 /* main.cpp in Sources */,
			);
			runOnlyForDeploymentPostprocessing = 0;
		};
/* End PBXSourcesBuildPhase section */

/* Begin XCBuildConfiguration section */
		DA80B8AC1E6C5B310040E670 /* Debug */ = {
			isa = XCBuildConfiguration;
			buildSettings = {
				ALWAYS_SEARCH_USER_PATHS = NO;
				CLANG_ANALYZER_NONNULL = YES;
				CLANG_CXX_LANGUAGE_STANDARD = "gnu++0x";
				CLANG_CXX_LIBRARY = "libc++";
				CLANG_ENABLE_MODULES = YES;
				CLANG_ENABLE_OBJC_ARC = YES;
				CLANG_WARN_BOOL_CONVERSION = YES;
				CLANG_WARN_CONSTANT_CONVERSION = YES;
				CLANG_WARN_DIRECT_OBJC_ISA_USAGE = YES_ERROR;
				CLANG_WARN_DOCUMENTATION_COMMENTS = YES;
				CLANG_WARN_EMPTY_BODY = YES;
				CLANG_WARN_ENUM_CONVERSION = YES;
				CLANG_WARN_INFINITE_RECURSION = YES;
				CLANG_WARN_INT_CONVERSION = YES;
				CLANG_WARN_OBJC_ROOT_CLASS = YES_ERROR;
				CLANG_WARN_SUSPICIOUS_MOVE = YES;
				CLANG_WARN_UNREACHABLE_CODE = YES;
				CLANG_WARN__DUPLICATE_METHOD_MATCH = YES;
				CODE_SIGN_IDENTITY = "-";
				COPY_PHASE_STRIP = NO;
				DEBUG_INFORMATION_FORMAT = dwarf;
				ENABLE_STRICT_OBJC_MSGSEND = YES;
				ENABLE_TESTABILITY = YES;
				GCC_C_LANGUAGE_STANDARD = gnu99;
				GCC_DYNAMIC_NO_PIC = NO;
				GCC_NO_COMMON_BLOCKS = YES;
				GCC_OPTIMIZATION_LEVEL = 0;
				GCC_PREPROCESSOR_DEFINITIONS = (
					"DEBUG=1",
					"$(inherited)",
				);
				GCC_WARN_64_TO_32_BIT_CONVERSION = YES;
				GCC_WARN_ABOUT_RETURN_TYPE = YES_ERROR;
				GCC_WARN_UNDECLARED_SELECTOR = YES;
				GCC_WARN_UNINITIALIZED_AUTOS = YES_AGGRESSIVE;
				GCC_WARN_UNUSED_FUNCTION = YES;
				GCC_WARN_UNUSED_VARIABLE = YES;
				MACOSX_DEPLOYMENT_TARGET = 10.12;
				MTL_ENABLE_DEBUG_INFO = YES;
				ONLY_ACTIVE_ARCH = YES;
				SDKROOT = macosx;
			};
			name = Debug;
		};
		DA80B8AD1E6C5B310040E670 /* Release */ = {
			isa = XCBuildConfiguration;
			buildSettings = {
				ALWAYS_SEARCH_USER_PATHS = NO;
				CLANG_ANALYZER_NONNULL = YES;
				CLANG_CXX_LANGUAGE_STANDARD = "gnu++0x";
				CLANG_CXX_LIBRARY = "libc++";
				CLANG_ENABLE_MODULES = YES;
				CLANG_ENABLE_OBJC_ARC = YES;
				CLANG_WARN_BOOL_CONVERSION = YES;
				CLANG_WARN_CONSTANT_CONVERSION = YES;
				CLANG_WARN_DIRECT_OBJC_ISA_USAGE = YES_ERROR;
				CLANG_WARN_DOCUMENTATION_COMMENTS = YES;
				CLANG_WARN_EMPTY_BODY = YES;
				CLANG_WARN_ENUM_CONVERSION = YES;
				CLANG_WARN_INFINITE_RECURSION = YES;
				CLANG_WARN_INT_CONVERSION = YES;
				CLANG_WARN_OBJC_ROOT_CLASS = YES_ERROR;
				CLANG_WARN_SUSPICIOUS_MOVE = YES;
				CLANG_WARN_UNREACHABLE_CODE = YES;
				CLANG_WARN__DUPLICATE_METHOD_MATCH = YES;
				CODE_SIGN_IDENTITY = "-";
				COPY_PHASE_STRIP = NO;
				DEBUG_INFORMATION_FORMAT = "dwarf-with-dsym";
				ENABLE_NS_ASSERTIONS = NO;
				ENABLE_STRICT_OBJC_MSGSEND = YES;
				GCC_C_LANGUAGE_STANDARD = gnu99;
				GCC_NO_COMMON_BLOCKS = YES;
				GCC_WARN_64_TO_32_BIT_CONVERSION = YES;
				GCC_WARN_ABOUT_RETURN_TYPE = YES_ERROR;
				GCC_WARN_UNDECLARED_SELECTOR = YES;
				GCC_WARN_UNINITIALIZED_AUTOS = YES_AGGRESSIVE;
				GCC_WARN_UNUSED_FUNCTION = YES;
				GCC_WARN_UNUSED_VARIABLE = YES;
				MACOSX_DEPLOYMENT_TARGET = 10.12;
				MTL_ENABLE_DEBUG_INFO = NO;
				SDKROOT = macosx;
			};
			name = Release;
		};
		DA80B8AF1E6C5B310040E670 /* Debug */ = {
			isa = XCBuildConfiguration;
			buildSettings = {
				PRODUCT_NAME = "$(TARGET_NAME)";
			};
			name = Debug;
		};
		DA80B8B01E6C5B310040E670 /* Release */ = {
			isa = XCBuildConfiguration;
			buildSettings = {
				PRODUCT_NAME = "$(TARGET_NAME)";
			};
			name = Release;
		};
/* End XCBuildConfiguration section */

/* Begin XCConfigurationList section */
		DA80B8A21E6C5B300040E670 /* Build configuration list for PBXProject "lab1" */ = {
			isa = XCConfigurationList;
			buildConfigurations = (
				DA80B8AC1E6C5B310040E670 /* Debug */,
				DA80B8AD1E6C5B310040E670 /* Release */,
			);
			defaultConfigurationIsVisible = 0;
			defaultConfigurationName = Release;
		};
		DA80B8AE1E6C5B310040E670 /* Build configuration list for PBXNativeTarget "lab1" */ = {
			isa = XCConfigurationList;
			buildConfigurations = (
				DA80B8AF1E6C5B310040E670 /* Debug */,
				DA80B8B01E6C5B310040E670 /* Release */,
			);
			defaultConfigurationIsVisible = 0;
			defaultConfigurationName = Release;
		};
/* End XCConfigurationList section */
	};
	rootObject = DA80B89F1E6C5B300040E670 /* Project object */;
}
